
Microsoft Visual Studio Solution File, Format Version 12.00
# Visual Studio Version 17
VisualStudioVersion = 17.1.31903.286
MinimumVisualStudioVersion = 10.0.40219.1
Project("{9A19103F-16F7-4668-BE54-9A1E7A4F7556}") = "Bookify.Web2", "Bookify.Web2\Bookify.Web2.csproj", "{1F65F06B-D2B3-42E9-92BC-85E2FB79DE05}"
EndProject
Global
	GlobalSection(SolutionConfigurationPlatforms) = preSolution
		Debug|Any CPU = Debug|Any CPU
		Release|Any CPU = Release|Any CPU
	EndGlobalSection
	GlobalSection(ProjectConfigurationPlatforms) = postSolution
		{1F65F06B-D2B3-42E9-92BC-85E2FB79DE05}.Debug|Any CPU.ActiveCfg = Debug|Any CPU
		{1F65F06B-D2B3-42E9-92BC-85E2FB79DE05}.Debug|Any CPU.Build.0 = Debug|Any CPU
		{1F65F06B-D2B3-42E9-92BC-85E2FB79DE05}.Release|Any CPU.ActiveCfg = Release|Any CPU
		{1F65F06B-D2B3-42E9-92BC-85E2FB79DE05}.Release|Any CPU.Build.0 = Release|Any CPU
	EndGlobalSection
	GlobalSection(SolutionProperties) = preSolution
		HideSolutionNode = FALSE
	EndGlobalSection
	GlobalSection(ExtensibilityGlobals) = postSolution
		SolutionGuid = {8637A557-E2ED-4214-A62F-847EFB80348E}
	EndGlobalSection
EndGlobal
